dependencies:
- name: grafana
  repository: https://grafana-community.github.io/helm-charts
  version: 12.11.2
- name: loki
  repository: https://grafana.github.io/helm-charts
  version: 7.3.0
- name: promtail
  repository: https://grafana.github.io/helm-charts
  version: 6.17.1
- name: kube-state-metrics
  repository: https://prometheus-community.github.io/helm-charts
  version: 8.4.0
- name: prometheus-node-exporter
  repository: https://prometheus-community.github.io/helm-charts
  version: 4.56.1
- name: victoria-metrics-single
  repository: https://victoriametrics.github.io/helm-charts
  version: 0.45.0
digest: sha256:0169b21d2f9a5db306d17db4c77129151a79fa962bfe642cb590d82837bd46f9
generated: "2026-09-06T19:03:16.932559314Z"
